// !$*UTF8*$!
{
	archiveVersion = 1;
	classes = {
	};
	objectVersion = 46;
	objects = {

/* Begin PBXBuildFile section */
		011A3DF91D542F2400550AB4 /* AppDelegate.swift in Sources */ = {isa = PBXBuildFile; fileRef = 011A3DF81D542F2400550AB4 /* AppDelegate.swift */; };
		011A3DFB1D542F2400550AB4 /* MemeViewController.swift in Sources */ = {isa = PBXBuildFile; fileRef = 011A3DFA1D542F2400550AB4 /* MemeViewController.swift */; };
		011A3DFE1D542F2400550AB4 /* Main.storyboard in Resources */ = {isa = PBXBuildFile; fileRef = 011A3DFC1D542F2400550AB4 /* Main.storyboard */; };
		011A3E001D542F2400550AB4 /* Assets.xcassets in Resources */ = {isa = PBXBuildFile; fileRef = 011A3DFF1D542F2400550AB4 /* Assets.xcassets */; };
		011A3E031D542F2400550AB4 /* LaunchScreen.storyboard in Resources */ = {isa = PBXBuildFile; fileRef = 011A3E011D542F2400550AB4 /* LaunchScreen.storyboard */; };
		011A3E0E1D542F2400550AB4 /* MemeMeTests.swift in Sources */ = {isa = PBXBuildFile; fileRef = 011A3E0D1D542F2400550AB4 /* MemeMeTests.swift */; };
		011A3E191D542F2400550AB4 /* MemeMeUITests.swift in Sources */ = {isa = PBXBuildFile; fileRef = 011A3E181D542F2400550AB4 /* MemeMeUITests.swift */; };
		011A3E271D5440EA00550AB4 /* Meme.swift in Sources */ = {isa = PBXBuildFile; fileRef = 011A3E261D5440EA00550AB4 /* Meme.swift */; };
/* End PBXBuildFile section */

/* Begin PBXContainerItemProxy section */
		011A3E0A1D542F2400550AB4 /* PBXContainerItemProxy */ = {
			isa = PBXContainerItemProxy;
			containerPortal = 011A3DED1D542F2300550AB4 /* Project object */;
			proxyType = 1;
			remoteGlobalIDString = 011A3DF41D542F2400550AB4;
			remoteInfo = MemeMe;
		};
		011A3E151D542F2400550AB4 /* PBXContainerItemProxy */ = {
			isa = PBXContainerItemProxy;
			containerPortal = 011A3DED1D542F2300550AB4 /* Project object */;
			proxyType = 1;
			remoteGlobalIDString = 011A3DF41D542F2400550AB4;
			remoteInfo = MemeMe;
		};
/* End PBXContainerItemProxy section */

/* Begin PBXFileReference section */
		011A3DF51D542F2400550AB4 /* MemeMe.app */ = {isa = PBXFileReference; explicitFileType = wrapper.application; includeInIndex = 0; path = MemeMe.app; sourceTree = BUILT_PRODUCTS_DIR; };
		011A3DF81D542F2400550AB4 /* AppDelegate.swift */ = {isa = PBXFileReference; lastKnownFileType = sourcecode.swift; path = AppDelegate.swift; sourceTree = "<group>"; };
		011A3DFA1D542F2400550AB4 /* MemeViewController.swift */ = {isa = PBXFileReference; lastKnownFileType = sourcecode.swift; path = MemeViewController.swift; sourceTree = "<group>"; };
		011A3DFD1D542F2400550AB4 /* Base */ = {isa = PBXFileReference; lastKnownFileType = file.storyboard; name = Base; path = Base.lproj/Main.storyboard; sourceTree = "<group>"; };
		011A3DFF1D542F2400550AB4 /* Assets.xcassets */ = {isa = PBXFileReference; lastKnownFileType = folder.assetcatalog; path = Assets.xcassets; sourceTree = "<group>"; };
		011A3E021D542F2400550AB4 /* Base */ = {isa = PBXFileReference; lastKnownFileType = file.storyboard; name = Base; path = Base.lproj/LaunchScreen.storyboard; sourceTree = "<group>"; };
		011A3E041D542F2400550AB4 /* Info.plist */ = {isa = PBXFileReference; lastKnownFileType = text.plist.xml; path = Info.plist; sourceTree = "<group>"; };
		011A3E091D542F2400550AB4 /* MemeMeTests.xctest */ = {isa = PBXFileReference; explicitFileType = wrapper.cfbundle; includeInIndex = 0; path = MemeMeTests.xctest; sourceTree = BUILT_PRODUCTS_DIR; };
		011A3E0D1D542F2400550AB4 /* MemeMeTests.swift */ = {isa = PBXFileReference; lastKnownFileType = sourcecode.swift; path = MemeMeTests.swift; sourceTree = "<group>"; };
		011A3E0F1D542F2400550AB4 /* Info.plist */ = {isa = PBXFileReference; lastKnownFileType = text.plist.xml; path = Info.plist; sourceTree = "<group>"; };
		011A3E141D542F2400550AB4 /* MemeMeUITests.xctest */ = {isa = PBXFileReference; explicitFileType = wrapper.cfbundle; includeInIndex = 0; path = MemeMeUITests.xctest; sourceTree = BUILT_PRODUCTS_DIR; };
		011A3E181D542F2400550AB4 /* MemeMeUITests.swift */ = {isa = PBXFileReference; lastKnownFileType = sourcecode.swift; path = MemeMeUITests.swift; sourceTree = "<group>"; };
		011A3E1A1D542F2400550AB4 /* Info.plist */ = {isa = PBXFileReference; lastKnownFileType = text.plist.xml; path = Info.plist; sourceTree = "<group>"; };
		011A3E261D5440EA00550AB4 /* Meme.swift */ = {isa = PBXFileReference; fileEncoding = 4; lastKnownFileType = sourcecode.swift; path = Meme.swift; sourceTree = "<group>"; };
/* End PBXFileReference section */

/* Begin PBXFrameworksBuildPhase section */
		011A3DF21D542F2400550AB4 /* Frameworks */ = {
			isa = PBXFrameworksBuildPhase;
			buildActionMask = 2147483647;
			files = (
			);
			runOnlyForDeploymentPostprocessing = 0;
		};
		011A3E061D542F2400550AB4 /* Frameworks */ = {
			isa = PBXFrameworksBuildPhase;
			buildActionMask = 2147483647;
			files = (
			);
			runOnlyForDeploymentPostprocessing = 0;
		};
		011A3E111D542F2400550AB4 /* Frameworks */ = {
			isa = PBXFrameworksBuildPhase;
			buildActionMask = 2147483647;
			files = (
			);
			runOnlyForDeploymentPostprocessing = 0;
		};
/* End PBXFrameworksBuildPhase section */

/* Begin PBXGroup section */
		011A3DEC1D542F2300550AB4 = {
			isa = PBXGroup;
			children = (
				011A3DF71D542F2400550AB4 /* MemeMe */,
				011A3E0C1D542F2400550AB4 /* MemeMeTests */,
				011A3E171D542F2400550AB4 /* MemeMeUITests */,
				011A3DF61D542F2400550AB4 /* Products */,
			);
			sourceTree = "<group>";
		};
		011A3DF61D542F2400550AB4 /* Products */ = {
			isa = PBXGroup;
			children = (
				011A3DF51D542F2400550AB4 /* MemeMe.app */,
				011A3E091D542F2400550AB4 /* MemeMeTests.xctest */,
				011A3E141D542F2400550AB4 /* MemeMeUITests.xctest */,
			);
			name = Products;
			sourceTree = "<group>";
		};
		011A3DF71D542F2400550AB4 /* MemeMe */ = {
			isa = PBXGroup;
			children = (
				011A3DF81D542F2400550AB4 /* AppDelegate.swift */,
				011A3DFA1D542F2400550AB4 /* MemeViewController.swift */,
				011A3E261D5440EA00550AB4 /* Meme.swift */,
				011A3DFC1D542F2400550AB4 /* Main.storyboard */,
				011A3DFF1D542F2400550AB4 /* Assets.xcassets */,
				011A3E011D542F2400550AB4 /* LaunchScreen.storyboard */,
				011A3E041D542F2400550AB4 /* Info.plist */,
			);
			path = MemeMe;
			sourceTree = "<group>";
		};
		011A3E0C1D542F2400550AB4 /* MemeMeTests */ = {
			isa = PBXGroup;
			children = (
				011A3E0D1D542F2400550AB4 /* MemeMeTests.swift */,
				011A3E0F1D542F2400550AB4 /* Info.plist */,
			);
			path = MemeMeTests;
			sourceTree = "<group>";
		};
		011A3E171D542F2400550AB4 /* MemeMeUITests */ = {
			isa = PBXGroup;
			children = (
				011A3E181D542F2400550AB4 /* MemeMeUITests.swift */,
				011A3E1A1D542F2400550AB4 /* Info.plist */,
			);
			path = MemeMeUITests;
			sourceTree = "<group>";
		};
/* End PBXGroup section */

/* Begin PBXNativeTarget section */
		011A3DF41D542F2400550AB4 /* MemeMe */ = {
			isa = PBXNativeTarget;
			buildConfigurationList = 011A3E1D1D542F2400550AB4 /* Build configuration list for PBXNativeTarget "MemeMe" */;
			buildPhases = (
				011A3DF11D542F2400550AB4 /* Sources */,
				011A3DF21D542F2400550AB4 /* Frameworks */,
				011A3DF31D542F2400550AB4 /* Resources */,
			);
			buildRules = (
			);
			dependencies = (
			);
			name = MemeMe;
			productName = MemeMe;
			productReference = 011A3DF51D542F2400550AB4 /* MemeMe.app */;
			productType = "com.apple.product-type.application";
		};
		011A3E081D542F2400550AB4 /* MemeMeTests */ = {
			isa = PBXNativeTarget;
			buildConfigurationList = 011A3E201D542F2400550AB4 /* Build configuration list for PBXNativeTarget "MemeMeTests" */;
			buildPhases = (
				011A3E051D542F2400550AB4 /* Sources */,
				011A3E061D542F2400550AB4 /* Frameworks */,
				011A3E071D542F2400550AB4 /* Resources */,
			);
			buildRules = (
			);
			dependencies = (
				011A3E0B1D542F2400550AB4 /* PBXTargetDependency */,
			);
			name = MemeMeTests;
			productName = MemeMeTests;
			productReference = 011A3E091D542F2400550AB4 /* MemeMeTests.xctest */;
			productType = "com.apple.product-type.bundle.unit-test";
		};
		011A3E131D542F2400550AB4 /* MemeMeUITests */ = {
			isa = PBXNativeTarget;
			buildConfigurationList = 011A3E231D542F2400550AB4 /* Build configuration list for PBXNativeTarget "MemeMeUITests" */;
			buildPhases = (
				011A3E101D542F2400550AB4 /* Sources */,
				011A3E111D542F2400550AB4 /* Frameworks */,
				011A3E121D542F2400550AB4 /* Resources */,
			);
			buildRules = (
			);
			dependencies = (
				011A3E161D542F2400550AB4 /* PBXTargetDependency */,
			);
			name = MemeMeUITests;
			productName = MemeMeUITests;
			productReference = 011A3E141D542F2400550AB4 /* MemeMeUITests.xctest */;
			productType = "com.apple.product-type.bundle.ui-testing";
		};
/* End PBXNativeTarget section */

/* Begin PBXProject section */
		011A3DED1D542F2300550AB4 /* Project object */ = {
			isa = PBXProject;
			attributes = {
				LastSwiftUpdateCheck = 0730;
				LastUpgradeCheck = 0730;
				ORGANIZATIONNAME = "Savard, Tim";
				TargetAttributes = {
					011A3DF41D542F2400550AB4 = {
						CreatedOnToolsVersion = 7.3.1;
					};
					011A3E081D542F2400550AB4 = {
						CreatedOnToolsVersion = 7.3.1;
						TestTargetID = 011A3DF41D542F2400550AB4;
					};
					011A3E131D542F2400550AB4 = {
						CreatedOnToolsVersion = 7.3.1;
						TestTargetID = 011A3DF41D542F2400550AB4;
					};
				};
			};
			buildConfigurationList = 011A3DF01D542F2300550AB4 /* Build configuration list for PBXProject "MemeMe" */;
			compatibilityVersion = "Xcode 3.2";
			developmentRegion = English;
			hasScannedForEncodings = 0;
			knownRegions = (
				en,
				Base,
			);
			mainGroup = 011A3DEC1D542F2300550AB4;
			productRefGroup = 011A3DF61D542F2400550AB4 /* Products */;
			projectDirPath = "";
			projectRoot = "";
			targets = (
				011A3DF41D542F2400550AB4 /* MemeMe */,
				011A3E081D542F2400550AB4 /* MemeMeTests */,
				011A3E131D542F2400550AB4 /* MemeMeUITests */,
			);
		};
/* End PBXProject section */

/* Begin PBXResourcesBuildPhase section */
		011A3DF31D542F2400550AB4 /* Resources */ = {
			isa = PBXResourcesBuildPhase;
			buildActionMask = 2147483647;
			files = (
				011A3E031D542F2400550AB4 /* LaunchScreen.storyboard in Resources */,
				011A3E001D542F2400550AB4 /* Assets.xcassets in Resources */,
				011A3DFE1D542F2400550AB4 /* Main.storyboard in Resources */,
			);
			runOnlyForDeploymentPostprocessing = 0;
		};
		011A3E071D542F2400550AB4 /* Resources */ = {
			isa = PBXResourcesBuildPhase;
			buildActionMask = 2147483647;
			files = (
			);
			runOnlyForDeploymentPostprocessing = 0;
		};
		011A3E121D542F2400550AB4 /* Resources */ = {
			isa = PBXResourcesBuildPhase;
			buildActionMask = 2147483647;
			files = (
			);
			runOnlyForDeploymentPostprocessing = 0;
		};
/* End PBXResourcesBuildPhase section */

/* Begin PBXSourcesBuildPhase section */
		011A3DF11D542F2400550AB4 /* Sources */ = {
			isa = PBXSourcesBuildPhase;
			buildActionMask = 2147483647;
			files = (
				011A3DFB1D542F2400550AB4 /* MemeViewController.swift in Sources */,
				011A3E271D5440EA00550AB4 /* Meme.swift in Sources */,
				011A3DF91D542F2400550AB4 /* AppDelegate.swift in Sources */,
			);
			runOnlyForDeploymentPostprocessing = 0;
		};
		011A3E051D542F2400550AB4 /* Sources */ = {
			isa = PBXSourcesBuildPhase;
			buildActionMask = 2147483647;
			files = (
				011A3E0E1D542F2400550AB4 /* MemeMeTests.swift in Sources */,
			);
			runOnlyForDeploymentPostprocessing = 0;
		};
		011A3E101D542F2400550AB4 /* Sources */ = {
			isa = PBXSourcesBuildPhase;
			buildActionMask = 2147483647;
			files = (
				011A3E191D542F2400550AB4 /* MemeMeUITests.swift in Sources */,
			);
			runOnlyForDeploymentPostprocessing = 0;
		};
/* End PBXSourcesBuildPhase section */

/* Begin PBXTargetDependency section */
		011A3E0B1D542F2400550AB4 /* PBXTargetDependency */ = {
			isa = PBXTargetDependency;
			target = 011A3DF41D542F2400550AB4 /* MemeMe */;
			targetProxy = 011A3E0A1D542F2400550AB4 /* PBXContainerItemProxy */;
		};
		011A3E161D542F2400550AB4 /* PBXTargetDependency */ = {
			isa = PBXTargetDependency;
			target = 011A3DF41D542F2400550AB4 /* MemeMe */;
			targetProxy = 011A3E151D542F2400550AB4 /* PBXContainerItemProxy */;
		};
/* End PBXTargetDependency section */

/* Begin PBXVariantGroup section */
		011A3DFC1D542F2400550AB4 /* Main.storyboard */ = {
			isa = PBXVariantGroup;
			children = (
				011A3DFD1D542F2400550AB4 /* Base */,
			);
			name = Main.storyboard;
			sourceTree = "<group>";
		};
		011A3E011D542F2400550AB4 /* LaunchScreen.storyboard */ = {
			isa = PBXVariantGroup;
			children = (
				011A3E021D542F2400550AB4 /* Base */,
			);
			name = LaunchScreen.storyboard;
			sourceTree = "<group>";
		};
/* End PBXVariantGroup section */

/* Begin XCBuildConfiguration section */
		011A3E1B1D542F2400550AB4 /* Debug */ = {
			isa = XCBuildConfiguration;
			buildSettings = {
				ALWAYS_SEARCH_USER_PATHS = NO;
				CLANG_ANALYZER_NONNULL = YES;
				CLANG_CXX_LANGUAGE_STANDARD = "gnu++0x";
				CLANG_CXX_LIBRARY = "libc++";
				CLANG_ENABLE_MODULES = YES;
				CLANG_ENABLE_OBJC_ARC = YES;
				CLANG_WARN_BOOL_CONVERSION = YES;
				CLANG_WARN_CONSTANT_CONVERSION = YES;
				CLANG_WARN_DIRECT_OBJC_ISA_USAGE = YES_ERROR;
				CLANG_WARN_EMPTY_BODY = YES;
				CLANG_WARN_ENUM_CONVERSION = YES;
				CLANG_WARN_INT_CONVERSION = YES;
				CLANG_WARN_OBJC_ROOT_CLASS = YES_ERROR;
				CLANG_WARN_UNREACHABLE_CODE = YES;
				CLANG_WARN__DUPLICATE_METHOD_MATCH = YES;
				"CODE_SIGN_IDENTITY[sdk=iphoneos*]" = "iPhone Developer";
				COPY_PHASE_STRIP = NO;
				DEBUG_INFORMATION_FORMAT = dwarf;
				ENABLE_STRICT_OBJC_MSGSEND = YES;
				ENABLE_TESTABILITY = YES;
				GCC_C_LANGUAGE_STANDARD = gnu99;
				GCC_DYNAMIC_NO_PIC = NO;
				GCC_NO_COMMON_BLOCKS = YES;
				GCC_OPTIMIZATION_LEVEL = 0;
				GCC_PREPROCESSOR_DEFINITIONS = (
					"DEBUG=1",
					"$(inherited)",
				);
				GCC_WARN_64_TO_32_BIT_CONVERSION = YES;
				GCC_WARN_ABOUT_RETURN_TYPE = YES_ERROR;
				GCC_WARN_UNDECLARED_SELECTOR = YES;
				GCC_WARN_UNINITIALIZED_AUTOS = YES_AGGRESSIVE;
				GCC_WARN_UNUSED_FUNCTION = YES;
				GCC_WARN_UNUSED_VARIABLE = YES;
				IPHONEOS_DEPLOYMENT_TARGET = 9.3;
				MTL_ENABLE_DEBUG_INFO = YES;
				ONLY_ACTIVE_ARCH = YES;
				SDKROOT = iphoneos;
				SWIFT_OPTIMIZATION_LEVEL = "-Onone";
				TARGETED_DEVICE_FAMILY = "1,2";
			};
			name = Debug;
		};
		011A3E1C1D542F2400550AB4 /* Release */ = {
			isa = XCBuildConfiguration;
			buildSettings = {
				ALWAYS_SEARCH_USER_PATHS = NO;
				CLANG_ANALYZER_NONNULL = YES;
				CLANG_CXX_LANGUAGE_STANDARD = "gnu++0x";
				CLANG_CXX_LIBRARY = "libc++";
				CLANG_ENABLE_MODULES = YES;
				CLANG_ENABLE_OBJC_ARC = YES;
				CLANG_WARN_BOOL_CONVERSION = YES;
				CLANG_WARN_CONSTANT_CONVERSION = YES;
				CLANG_WARN_DIRECT_OBJC_ISA_USAGE = YES_ERROR;
				CLANG_WARN_EMPTY_BODY = YES;
				CLANG_WARN_ENUM_CONVERSION = YES;
				CLANG_WARN_INT_CONVERSION = YES;
				CLANG_WARN_OBJC_ROOT_CLASS = YES_ERROR;
				CLANG_WARN_UNREACHABLE_CODE = YES;
				CLANG_WARN__DUPLICATE_METHOD_MATCH = YES;
				"CODE_SIGN_IDENTITY[sdk=iphoneos*]" = "iPhone Developer";
				COPY_PHASE_STRIP = NO;
				DEBUG_INFORMATION_FORMAT = "dwarf-with-dsym";
				ENABLE_NS_ASSERTIONS = NO;
				ENABLE_STRICT_OBJC_MSGSEND = YES;
				GCC_C_LANGUAGE_STANDARD = gnu99;
				GCC_NO_COMMON_BLOCKS = YES;
				GCC_WARN_64_TO_32_BIT_CONVERSION = YES;
				GCC_WARN_ABOUT_RETURN_TYPE = YES_ERROR;
				GCC_WARN_UNDECLARED_SELECTOR = YES;
				GCC_WARN_UNINITIALIZED_AUTOS = YES_AGGRESSIVE;
				GCC_WARN_UNUSED_FUNCTION = YES;
				GCC_WARN_UNUSED_VARIABLE = YES;
				IPHONEOS_DEPLOYMENT_TARGET = 9.3;
				MTL_ENABLE_DEBUG_INFO = NO;
				SDKROOT = iphoneos;
				TARGETED_DEVICE_FAMILY = "1,2";
				VALIDATE_PRODUCT = YES;
			};
			name = Release;
		};
		011A3E1E1D542F2400550AB4 /* Debug */ = {
			isa = XCBuildConfiguration;
			buildSettings = {
				ASSETCATALOG_COMPILER_APPICON_NAME = AppIcon;
				INFOPLIST_FILE = MemeMe/Info.plist;
				LD_RUNPATH_SEARCH_PATHS = "$(inherited) @executable_path/Frameworks";
				PRODUCT_BUNDLE_IDENTIFIER = com.amazon.MemeMe;
				PRODUCT_NAME = "$(TARGET_NAME)";
			};
			name = Debug;
		};
		011A3E1F1D542F2400550AB4 /* Release */ = {
			isa = XCBuildConfiguration;
			buildSettings = {
				ASSETCATALOG_COMPILER_APPICON_NAME = AppIcon;
				INFOPLIST_FILE = MemeMe/Info.plist;
				LD_RUNPATH_SEARCH_PATHS = "$(inherited) @executable_path/Frameworks";
				PRODUCT_BUNDLE_IDENTIFIER = com.amazon.MemeMe;
				PRODUCT_NAME = "$(TARGET_NAME)";
			};
			name = Release;
		};
		011A3E211D542F2400550AB4 /* Debug */ = {
			isa = XCBuildConfiguration;
			buildSettings = {
				BUNDLE_LOADER = "$(TEST_HOST)";
				INFOPLIST_FILE = MemeMeTests/Info.plist;
				LD_RUNPATH_SEARCH_PATHS = "$(inherited) @executable_path/Frameworks @loader_path/Frameworks";
				PRODUCT_BUNDLE_IDENTIFIER = com.amazon.MemeMeTests;
				PRODUCT_NAME = "$(TARGET_NAME)";
				TEST_HOST = "$(BUILT_PRODUCTS_DIR)/MemeMe.app/MemeMe";
			};
			name = Debug;
		};
		011A3E221D542F2400550AB4 /* Release */ = {
			isa = XCBuildConfiguration;
			buildSettings = {
				BUNDLE_LOADER = "$(TEST_HOST)";
				INFOPLIST_FILE = MemeMeTests/Info.plist;
				LD_RUNPATH_SEARCH_PATHS = "$(inherited) @executable_path/Frameworks @loader_path/Frameworks";
				PRODUCT_BUNDLE_IDENTIFIER = com.amazon.MemeMeTests;
				PRODUCT_NAME = "$(TARGET_NAME)";
				TEST_HOST = "$(BUILT_PRODUCTS_DIR)/MemeMe.app/MemeMe";
			};
			name = Release;
		};
		011A3E241D542F2400550AB4 /* Debug */ = {
			isa = XCBuildConfiguration;
			buildSettings = {
				INFOPLIST_FILE = MemeMeUITests/Info.plist;
				LD_RUNPATH_SEARCH_PATHS = "$(inherited) @executable_path/Frameworks @loader_path/Frameworks";
				PRODUCT_BUNDLE_IDENTIFIER = com.amazon.MemeMeUITests;
				PRODUCT_NAME = "$(TARGET_NAME)";
				TEST_TARGET_NAME = MemeMe;
			};
			name = Debug;
		};
		011A3E251D542F2400550AB4 /* Release */ = {
			isa = XCBuildConfiguration;
			buildSettings = {
				INFOPLIST_FILE = MemeMeUITests/Info.plist;
				LD_RUNPATH_SEARCH_PATHS = "$(inherited) @executable_path/Frameworks @loader_path/Frameworks";
				PRODUCT_BUNDLE_IDENTIFIER = com.amazon.MemeMeUITests;
				PRODUCT_NAME = "$(TARGET_NAME)";
				TEST_TARGET_NAME = MemeMe;
			};
			name = Release;
		};
/* End XCBuildConfiguration section */

/* Begin XCConfigurationList section */
		011A3DF01D542F2300550AB4 /* Build configuration list for PBXProject "MemeMe" */ = {
			isa = XCConfigurationList;
			buildConfigurations = (
				011A3E1B1D542F2400550AB4 /* Debug */,
				011A3E1C1D542F2400550AB4 /* Release */,
			);
			defaultConfigurationIsVisible = 0;
			defaultConfigurationName = Release;
		};
		011A3E1D1D542F2400550AB4 /* Build configuration list for PBXNativeTarget "MemeMe" */ = {
			isa = XCConfigurationList;
			buildConfigurations = (
				011A3E1E1D542F2400550AB4 /* Debug */,
				011A3E1F1D542F2400550AB4 /* Release */,
			);
			defaultConfigurationIsVisible = 0;
			defaultConfigurationName = Release;
		};
		011A3E201D542F2400550AB4 /* Build configuration list for PBXNativeTarget "MemeMeTests" */ = {
			isa = XCConfigurationList;
			buildConfigurations = (
				011A3E211D542F2400550AB4 /* Debug */,
				011A3E221D542F2400550AB4 /* Release */,
			);
			defaultConfigurationIsVisible = 0;
			defaultConfigurationName = Release;
		};
		011A3E231D542F2400550AB4 /* Build configuration list for PBXNativeTarget "MemeMeUITests" */ = {
			isa = XCConfigurationList;
			buildConfigurations = (
				011A3E241D542F2400550AB4 /* Debug */,
				011A3E251D542F2400550AB4 /* Release */,
			);
			defaultConfigurationIsVisible = 0;
			defaultConfigurationName = Release;
		};
/* End XCConfigurationList section */
	};
	rootObject = 011A3DED1D542F2300550AB4 /* Project object */;
}
